
Microsoft Visual Studio Solution File, Format Version 12.00
# Visual Studio 15
VisualStudioVersion = 15.0.28307.421
MinimumVisualStudioVersion = 10.0.40219.1
Project("{FAE04EC0-301F-11D3-BF4B-00C04F79EFBC}") = "SP_HW_2", "SP_HW_2\SP_HW_2.csproj", "{7818AB13-6474-445D-BA04-2E86C075437B}"
EndProject
Global
	GlobalSection(SolutionConfigurationPlatforms) = preSolution
		Debug|Any CPU = Debug|Any CPU
		Release|Any CPU = Release|Any CPU
	EndGlobalSection
	GlobalSection(ProjectConfigurationPlatforms) = postSolution
		{7818AB13-6474-445D-BA04-2E86C075437B}.Debug|Any CPU.ActiveCfg = Debug|Any CPU
		{7818AB13-6474-445D-BA04-2E86C075437B}.Debug|Any CPU.Build.0 = Debug|Any CPU
		{7818AB13-6474-445D-BA04-2E86C075437B}.Release|Any CPU.ActiveCfg = Release|Any CPU
		{7818AB13-6474-445D-BA04-2E86C075437B}.Release|Any CPU.Build.0 = Release|Any CPU
	EndGlobalSection
	GlobalSection(SolutionProperties) = preSolution
		HideSolutionNode = FALSE
	EndGlobalSection
	GlobalSection(ExtensibilityGlobals) = postSolution
		SolutionGuid = {88E53A32-E67F-4470-B3FD-3C825D768234}
	EndGlobalSection
EndGlobal
